// !$*UTF8*$!
{
	archiveVersion = 1;
	classes = {
	};
	objectVersion = 77;
	objects = {

/* Begin PBXBuildFile section */
		424498262ED0FA3E00DD5D88 /* IterableSDK in Frameworks */ = {isa = PBXBuildFile; productRef = 424498252ED0FA3E00DD5D88 /* IterableSDK */; };
/* End PBXBuildFile section */

/* Begin PBXContainerItemProxy section */
		424498082ED0F90500DD5D88 /* PBXContainerItemProxy */ = {
			isa = PBXContainerItemProxy;
			containerPortal = 424497F22ED0F90400DD5D88 /* Project object */;
			proxyType = 1;
			remoteGlobalIDString = 424497F92ED0F90400DD5D88;
			remoteInfo = IterableSAMobileChallenge;
		};
		424498122ED0F90500DD5D88 /* PBXContainerItemProxy */ = {
			isa = PBXContainerItemProxy;
			containerPortal = 424497F22ED0F90400DD5D88 /* Project object */;
			proxyType = 1;
			remoteGlobalIDString = 424497F92ED0F90400DD5D88;
			remoteInfo = IterableSAMobileChallenge;
		};
/* End PBXContainerItemProxy section */

/* Begin PBXFileReference section */
		424497FA2ED0F90400DD5D88 /* IterableSAMobileChallenge.app */ = {isa = PBXFileReference; explicitFileType = wrapper.application; includeInIndex = 0; path = IterableSAMobileChallenge.app; sourceTree = BUILT_PRODUCTS_DIR; };
		424498072ED0F90500DD5D88 /* IterableSAMobileChallengeTests.xctest */ = {isa = PBXFileReference; explicitFileType = wrapper.cfbundle; includeInIndex = 0; path = IterableSAMobileChallengeTests.xctest; sourceTree = BUILT_PRODUCTS_DIR; };
		424498112ED0F90500DD5D88 /* IterableSAMobileChallengeUITests.xctest */ = {isa = PBXFileReference; explicitFileType = wrapper.cfbundle; includeInIndex = 0; path = IterableSAMobileChallengeUITests.xctest; sourceTree = BUILT_PRODUCTS_DIR; };
/* End PBXFileReference section */

/* Begin PBXFileSystemSynchronizedRootGroup section */
		424497FC2ED0F90400DD5D88 /* IterableSAMobileChallenge */ = {
			isa = PBXFileSystemSynchronizedRootGroup;
			path = IterableSAMobileChallenge;
			sourceTree = "<group>";
		};
		4244980A2ED0F90500DD5D88 /* IterableSAMobileChallengeTests */ = {
			isa = PBXFileSystemSynchronizedRootGroup;
			path = IterableSAMobileChallengeTests;
			sourceTree = "<group>";
		};
		424498142ED0F90500DD5D88 /* IterableSAMobileChallengeUITests */ = {
			isa = PBXFileSystemSynchronizedRootGroup;
			path = IterableSAMobileChallengeUITests;
			sourceTree = "<group>";
		};
/* End PBXFileSystemSynchronizedRootGroup section */

/* Begin PBXFrameworksBuildPhase section */
		424497F72ED0F90400DD5D88 /* Frameworks */ = {
			isa = PBXFrameworksBuildPhase;
			buildActionMask = 2147483647;
			files = (
				424498262ED0FA3E00DD5D88 /* IterableSDK in Frameworks */,
			);
			runOnlyForDeploymentPostprocessing = 0;
		};
		424498042ED0F90500DD5D88 /* Frameworks */ = {
			isa = PBXFrameworksBuildPhase;
			buildActionMask = 2147483647;
			files = (
			);
			runOnlyForDeploymentPostprocessing = 0;
		};
		4244980E2ED0F90500DD5D88 /* Frameworks */ = {
			isa = PBXFrameworksBuildPhase;
			buildActionMask = 2147483647;
			files = (
			);
			runOnlyForDeploymentPostprocessing = 0;
		};
/* End PBXFrameworksBuildPhase section */

/* Begin PBXGroup section */
		424497F12ED0F90400DD5D88 = {
			isa = PBXGroup;
			children = (
				424497FC2ED0F90400DD5D88 /* IterableSAMobileChallenge */,
				4244980A2ED0F90500DD5D88 /* IterableSAMobileChallengeTests */,
				424498142ED0F90500DD5D88 /* IterableSAMobileChallengeUITests */,
				424497FB2ED0F90400DD5D88 /* Products */,
			);
			sourceTree = "<group>";
		};
		424497FB2ED0F90400DD5D88 /* Products */ = {
			isa = PBXGroup;
			children = (
				424497FA2ED0F90400DD5D88 /* IterableSAMobileChallenge.app */,
				424498072ED0F90500DD5D88 /* IterableSAMobileChallengeTests.xctest */,
				424498112ED0F90500DD5D88 /* IterableSAMobileChallengeUITests.xctest */,
			);
			name = Products;
			sourceTree = "<group>";
		};
/* End PBXGroup section */

/* Begin PBXNativeTarget section */
		424497F92ED0F90400DD5D88 /* IterableSAMobileChallenge */ = {
			isa = PBXNativeTarget;
			buildConfigurationList = 4244981B2ED0F90500DD5D88 /* Build configuration list for PBXNativeTarget "IterableSAMobileChallenge" */;
			buildPhases = (
				424497F62ED0F90400DD5D88 /* Sources */,
				424497F72ED0F90400DD5D88 /* Frameworks */,
				424497F82ED0F90400DD5D88 /* Resources */,
			);
			buildRules = (
			);
			dependencies = (
			);
			fileSystemSynchronizedGroups = (
				424497FC2ED0F90400DD5D88 /* IterableSAMobileChallenge */,
			);
			name = IterableSAMobileChallenge;
			packageProductDependencies = (
				424498252ED0FA3E00DD5D88 /* IterableSDK */,
			);
			productName = IterableSAMobileChallenge;
			productReference = 424497FA2ED0F90400DD5D88 /* IterableSAMobileChallenge.app */;
			productType = "com.apple.product-type.application";
		};
		424498062ED0F90500DD5D88 /* IterableSAMobileChallengeTests */ = {
			isa = PBXNativeTarget;
			buildConfigurationList = 4244981E2ED0F90500DD5D88 /* Build configuration list for PBXNativeTarget "IterableSAMobileChallengeTests" */;
			buildPhases = (
				424498032ED0F90500DD5D88 /* Sources */,
				424498042ED0F90500DD5D88 /* Frameworks */,
				424498052ED0F90500DD5D88 /* Resources */,
			);
			buildRules = (
			);
			dependencies = (
				424498092ED0F90500DD5D88 /* PBXTargetDependency */,
			);
			fileSystemSynchronizedGroups = (
				4244980A2ED0F90500DD5D88 /* IterableSAMobileChallengeTests */,
			);
			name = IterableSAMobileChallengeTests;
			packageProductDependencies = (
			);
			productName = IterableSAMobileChallengeTests;
			productReference = 424498072ED0F90500DD5D88 /* IterableSAMobileChallengeTests.xctest */;
			productType = "com.apple.product-type.bundle.unit-test";
		};
		424498102ED0F90500DD5D88 /* IterableSAMobileChallengeUITests */ = {
			isa = PBXNativeTarget;
			buildConfigurationList = 424498212ED0F90500DD5D88 /* Build configuration list for PBXNativeTarget "IterableSAMobileChallengeUITests" */;
			buildPhases = (
				4244980D2ED0F90500DD5D88 /* Sources */,
				4244980E2ED0F90500DD5D88 /* Frameworks */,
				4244980F2ED0F90500DD5D88 /* Resources */,
			);
			buildRules = (
			);
			dependencies = (
				424498132ED0F90500DD5D88 /* PBXTargetDependency */,
			);
			fileSystemSynchronizedGroups = (
				424498142ED0F90500DD5D88 /* IterableSAMobileChallengeUITests */,
			);
			name = IterableSAMobileChallengeUITests;
			packageProductDependencies = (
			);
			productName = IterableSAMobileChallengeUITests;
			productReference = 424498112ED0F90500DD5D88 /* IterableSAMobileChallengeUITests.xctest */;
			productType = "com.apple.product-type.bundle.ui-testing";
		};
/* End PBXNativeTarget section */

/* Begin PBXProject section */
		424497F22ED0F90400DD5D88 /* Project object */ = {
			isa = PBXProject;
			attributes = {
				BuildIndependentTargetsInParallel = 1;
				LastSwiftUpdateCheck = 2610;
				LastUpgradeCheck = 2610;
				TargetAttributes = {
					424497F92ED0F90400DD5D88 = {
						CreatedOnToolsVersion = 26.1.1;
					};
					424498062ED0F90500DD5D88 = {
						CreatedOnToolsVersion = 26.1.1;
						TestTargetID = 424497F92ED0F90400DD5D88;
					};
					424498102ED0F90500DD5D88 = {
						CreatedOnToolsVersion = 26.1.1;
						TestTargetID = 424497F92ED0F90400DD5D88;
					};
				};
			};
			buildConfigurationList = 424497F52ED0F90400DD5D88 /* Build configuration list for PBXProject "IterableSAMobileChallenge" */;
			developmentRegion = en;
			hasScannedForEncodings = 0;
			knownRegions = (
				en,
				Base,
			);
			mainGroup = 424497F12ED0F90400DD5D88;
			minimizedProjectReferenceProxies = 1;
			packageReferences = (
				424498242ED0FA3E00DD5D88 /* XCRemoteSwiftPackageReference "swift-sdk" */,
			);
			preferredProjectObjectVersion = 77;
			productRefGroup = 424497FB2ED0F90400DD5D88 /* Products */;
			projectDirPath = "";
			projectRoot = "";
			targets = (
				424497F92ED0F90400DD5D88 /* IterableSAMobileChallenge */,
				424498062ED0F90500DD5D88 /* IterableSAMobileChallengeTests */,
				424498102ED0F90500DD5D88 /* IterableSAMobileChallengeUITests */,
			);
		};
/* End PBXProject section */

/* Begin PBXResourcesBuildPhase section */
		424497F82ED0F90400DD5D88 /* Resources */ = {
			isa = PBXResourcesBuildPhase;
			buildActionMask = 2147483647;
			files = (
			);
			runOnlyForDeploymentPostprocessing = 0;
		};
		424498052ED0F90500DD5D88 /* Resources */ = {
			isa = PBXResourcesBuildPhase;
			buildActionMask = 2147483647;
			files = (
			);
			runOnlyForDeploymentPostprocessing = 0;
		};
		4244980F2ED0F90500DD5D88 /* Resources */ = {
			isa = PBXResourcesBuildPhase;
			buildActionMask = 2147483647;
			files = (
			);
			runOnlyForDeploymentPostprocessing = 0;
		};
/* End PBXResourcesBuildPhase section */

/* Begin PBXSourcesBuildPhase section */
		424497F62ED0F90400DD5D88 /* Sources */ = {
			isa = PBXSourcesBuildPhase;
			buildActionMask = 2147483647;
			files = (
			);
			runOnlyForDeploymentPostprocessing = 0;
		};
		424498032ED0F90500DD5D88 /* Sources */ = {
			isa = PBXSourcesBuildPhase;
			buildActionMask = 2147483647;
			files = (
			);
			runOnlyForDeploymentPostprocessing = 0;
		};
		4244980D2ED0F90500DD5D88 /* Sources */ = {
			isa = PBXSourcesBuildPhase;
			buildActionMask = 2147483647;
			files = (
			);
			runOnlyForDeploymentPostprocessing = 0;
		};
/* End PBXSourcesBuildPhase section */

/* Begin PBXTargetDependency section */
		424498092ED0F90500DD5D88 /* PBXTargetDependency */ = {
			isa = PBXTargetDependency;
			target = 424497F92ED0F90400DD5D88 /* IterableSAMobileChallenge */;
			targetProxy = 424498082ED0F90500DD5D88 /* PBXContainerItemProxy */;
		};
		424498132ED0F90500DD5D88 /* PBXTargetDependency */ = {
			isa = PBXTargetDependency;
			target = 424497F92ED0F90400DD5D88 /* IterableSAMobileChallenge */;
			targetProxy = 424498122ED0F90500DD5D88 /* PBXContainerItemProxy */;
		};
/* End PBXTargetDependency section */

/* Begin XCBuildConfiguration section */
		424498192ED0F90500DD5D88 /* Debug */ = {
			isa = XCBuildConfiguration;
			buildSettings = {
				ALWAYS_SEARCH_USER_PATHS = NO;
				ASSETCATALOG_COMPILER_GENERATE_SWIFT_ASSET_SYMBOL_EXTENSIONS = YES;
				CLANG_ANALYZER_NONNULL = YES;
				CLANG_ANALYZER_NUMBER_OBJECT_CONVERSION = YES_AGGRESSIVE;
				CLANG_CXX_LANGUAGE_STANDARD = "gnu++20";
				CLANG_ENABLE_MODULES = YES;
				CLANG_ENABLE_OBJC_ARC = YES;
				CLANG_ENABLE_OBJC_WEAK = YES;
				CLANG_WARN_BLOCK_CAPTURE_AUTORELEASING = YES;
				CLANG_WARN_BOOL_CONVERSION = YES;
				CLANG_WARN_COMMA = YES;
				CLANG_WARN_CONSTANT_CONVERSION = YES;
				CLANG_WARN_DEPRECATED_OBJC_IMPLEMENTATIONS = YES;
				CLANG_WARN_DIRECT_OBJC_ISA_USAGE = YES_ERROR;
				CLANG_WARN_DOCUMENTATION_COMMENTS = YES;
				CLANG_WARN_EMPTY_BODY = YES;
				CLANG_WARN_ENUM_CONVERSION = YES;
				CLANG_WARN_INFINITE_RECURSION = YES;
				CLANG_WARN_INT_CONVERSION = YES;
				CLANG_WARN_NON_LITERAL_NULL_CONVERSION = YES;
				CLANG_WARN_OBJC_IMPLICIT_RETAIN_SELF = YES;
				CLANG_WARN_OBJC_LITERAL_CONVERSION = YES;
				CLANG_WARN_OBJC_ROOT_CLASS = YES_ERROR;
				CLANG_WARN_QUOTED_INCLUDE_IN_FRAMEWORK_HEADER = YES;
				CLANG_WARN_RANGE_LOOP_ANALYSIS = YES;
				CLANG_WARN_STRICT_PROTOTYPES = YES;
				CLANG_WARN_SUSPICIOUS_MOVE = YES;
				CLANG_WARN_UNGUARDED_AVAILABILITY = YES_AGGRESSIVE;
				CLANG_WARN_UNREACHABLE_CODE = YES;
				CLANG_WARN__DUPLICATE_METHOD_MATCH = YES;
				COPY_PHASE_STRIP = NO;
				DEBUG_INFORMATION_FORMAT = dwarf;
				ENABLE_STRICT_OBJC_MSGSEND = YES;
				ENABLE_TESTABILITY = YES;
				ENABLE_USER_SCRIPT_SANDBOXING = YES;
				GCC_C_LANGUAGE_STANDARD = gnu17;
				GCC_DYNAMIC_NO_PIC = NO;
				GCC_NO_COMMON_BLOCKS = YES;
				GCC_OPTIMIZATION_LEVEL = 0;
				GCC_PREPROCESSOR_DEFINITIONS = (
					"DEBUG=1",
					"$(inherited)",
				);
				GCC_WARN_64_TO_32_BIT_CONVERSION = YES;
				GCC_WARN_ABOUT_RETURN_TYPE = YES_ERROR;
				GCC_WARN_UNDECLARED_SELECTOR = YES;
				GCC_WARN_UNINITIALIZED_AUTOS = YES_AGGRESSIVE;
				GCC_WARN_UNUSED_FUNCTION = YES;
				GCC_WARN_UNUSED_VARIABLE = YES;
				IPHONEOS_DEPLOYMENT_TARGET = 26.1;
				LOCALIZATION_PREFERS_STRING_CATALOGS = YES;
				MTL_ENABLE_DEBUG_INFO = INCLUDE_SOURCE;
				MTL_FAST_MATH = YES;
				ONLY_ACTIVE_ARCH = YES;
				SDKROOT = iphoneos;
				SWIFT_ACTIVE_COMPILATION_CONDITIONS = "DEBUG $(inherited)";
				SWIFT_OPTIMIZATION_LEVEL = "-Onone";
			};
			name = Debug;
		};
		4244981A2ED0F90500DD5D88 /* Release */ = {
			isa = XCBuildConfiguration;
			buildSettings = {
				ALWAYS_SEARCH_USER_PATHS = NO;
				ASSETCATALOG_COMPILER_GENERATE_SWIFT_ASSET_SYMBOL_EXTENSIONS = YES;
				CLANG_ANALYZER_NONNULL = YES;
				CLANG_ANALYZER_NUMBER_OBJECT_CONVERSION = YES_AGGRESSIVE;
				CLANG_CXX_LANGUAGE_STANDARD = "gnu++20";
				CLANG_ENABLE_MODULES = YES;
				CLANG_ENABLE_OBJC_ARC = YES;
				CLANG_ENABLE_OBJC_WEAK = YES;
				CLANG_WARN_BLOCK_CAPTURE_AUTORELEASING = YES;
				CLANG_WARN_BOOL_CONVERSION = YES;
				CLANG_WARN_COMMA = YES;
				CLANG_WARN_CONSTANT_CONVERSION = YES;
				CLANG_WARN_DEPRECATED_OBJC_IMPLEMENTATIONS = YES;
				CLANG_WARN_DIRECT_OBJC_ISA_USAGE = YES_ERROR;
				CLANG_WARN_DOCUMENTATION_COMMENTS = YES;
				CLANG_WARN_EMPTY_BODY = YES;
				CLANG_WARN_ENUM_CONVERSION = YES;
				CLANG_WARN_INFINITE_RECURSION = YES;
				CLANG_WARN_INT_CONVERSION = YES;
				CLANG_WARN_NON_LITERAL_NULL_CONVERSION = YES;
				CLANG_WARN_OBJC_IMPLICIT_RETAIN_SELF = YES;
				CLANG_WARN_OBJC_LITERAL_CONVERSION = YES;
				CLANG_WARN_OBJC_ROOT_CLASS = YES_ERROR;
				CLANG_WARN_QUOTED_INCLUDE_IN_FRAMEWORK_HEADER = YES;
				CLANG_WARN_RANGE_LOOP_ANALYSIS = YES;
				CLANG_WARN_STRICT_PROTOTYPES = YES;
				CLANG_WARN_SUSPICIOUS_MOVE = YES;
				CLANG_WARN_UNGUARDED_AVAILABILITY = YES_AGGRESSIVE;
				CLANG_WARN_UNREACHABLE_CODE = YES;
				CLANG_WARN__DUPLICATE_METHOD_MATCH = YES;
				COPY_PHASE_STRIP = NO;
				DEBUG_INFORMATION_FORMAT = "dwarf-with-dsym";
				ENABLE_NS_ASSERTIONS = NO;
				ENABLE_STRICT_OBJC_MSGSEND = YES;
				ENABLE_USER_SCRIPT_SANDBOXING = YES;
				GCC_C_LANGUAGE_STANDARD = gnu17;
				GCC_NO_COMMON_BLOCKS = YES;
				GCC_WARN_64_TO_32_BIT_CONVERSION = YES;
				GCC_WARN_ABOUT_RETURN_TYPE = YES_ERROR;
				GCC_WARN_UNDECLARED_SELECTOR = YES;
				GCC_WARN_UNINITIALIZED_AUTOS = YES_AGGRESSIVE;
				GCC_WARN_UNUSED_FUNCTION = YES;
				GCC_WARN_UNUSED_VARIABLE = YES;
				IPHONEOS_DEPLOYMENT_TARGET = 26.1;
				LOCALIZATION_PREFERS_STRING_CATALOGS = YES;
				MTL_ENABLE_DEBUG_INFO = NO;
				MTL_FAST_MATH = YES;
				SDKROOT = iphoneos;
				SWIFT_COMPILATION_MODE = wholemodule;
				VALIDATE_PRODUCT = YES;
			};
			name = Release;
		};
		4244981C2ED0F90500DD5D88 /* Debug */ = {
			isa = XCBuildConfiguration;
			buildSettings = {
				ASSETCATALOG_COMPILER_APPICON_NAME = AppIcon;
				ASSETCATALOG_COMPILER_GLOBAL_ACCENT_COLOR_NAME = AccentColor;
				CODE_SIGN_STYLE = Automatic;
				CURRENT_PROJECT_VERSION = 1;
				ENABLE_PREVIEWS = YES;
				GENERATE_INFOPLIST_FILE = YES;
				INFOPLIST_KEY_UIApplicationSceneManifest_Generation = YES;
				INFOPLIST_KEY_UIApplicationSupportsIndirectInputEvents = YES;
				INFOPLIST_KEY_UILaunchScreen_Generation = YES;
				INFOPLIST_KEY_UISupportedInterfaceOrientations_iPad = "UIInterfaceOrientationPortrait UIInterfaceOrientationPortraitUpsideDown UIInterfaceOrientationLandscapeLeft UIInterfaceOrientationLandscapeRight";
				INFOPLIST_KEY_UISupportedInterfaceOrientations_iPhone = "UIInterfaceOrientationPortrait UIInterfaceOrientationLandscapeLeft UIInterfaceOrientationLandscapeRight";
				LD_RUNPATH_SEARCH_PATHS = (
					"$(inherited)",
					"@executable_path/Frameworks",
				);
				MARKETING_VERSION = 1.0;
				PRODUCT_BUNDLE_IDENTIFIER = com.rufinocudia.IterableSAMobileChallenge;
				PRODUCT_NAME = "$(TARGET_NAME)";
				STRING_CATALOG_GENERATE_SYMBOLS = YES;
				SWIFT_APPROACHABLE_CONCURRENCY = YES;
				SWIFT_DEFAULT_ACTOR_ISOLATION = MainActor;
				SWIFT_EMIT_LOC_STRINGS = YES;
				SWIFT_UPCOMING_FEATURE_MEMBER_IMPORT_VISIBILITY = YES;
				SWIFT_VERSION = 5.0;
				TARGETED_DEVICE_FAMILY = "1,2";
			};
			name = Debug;
		};
		4244981D2ED0F90500DD5D88 /* Release */ = {
			isa = XCBuildConfiguration;
			buildSettings = {
				ASSETCATALOG_COMPILER_APPICON_NAME = AppIcon;
				ASSETCATALOG_COMPILER_GLOBAL_ACCENT_COLOR_NAME = AccentColor;
				CODE_SIGN_STYLE = Automatic;
				CURRENT_PROJECT_VERSION = 1;
				ENABLE_PREVIEWS = YES;
				GENERATE_INFOPLIST_FILE = YES;
				INFOPLIST_KEY_UIApplicationSceneManifest_Generation = YES;
				INFOPLIST_KEY_UIApplicationSupportsIndirectInputEvents = YES;
				INFOPLIST_KEY_UILaunchScreen_Generation = YES;
				INFOPLIST_KEY_UISupportedInterfaceOrientations_iPad = "UIInterfaceOrientationPortrait UIInterfaceOrientationPortraitUpsideDown UIInterfaceOrientationLandscapeLeft UIInterfaceOrientationLandscapeRight";
				INFOPLIST_KEY_UISupportedInterfaceOrientations_iPhone = "UIInterfaceOrientationPortrait UIInterfaceOrientationLandscapeLeft UIInterfaceOrientationLandscapeRight";
				LD_RUNPATH_SEARCH_PATHS = (
					"$(inherited)",
					"@executable_path/Frameworks",
				);
				MARKETING_VERSION = 1.0;
				PRODUCT_BUNDLE_IDENTIFIER = com.rufinocudia.IterableSAMobileChallenge;
				PRODUCT_NAME = "$(TARGET_NAME)";
				STRING_CATALOG_GENERATE_SYMBOLS = YES;
				SWIFT_APPROACHABLE_CONCURRENCY = YES;
				SWIFT_DEFAULT_ACTOR_ISOLATION = MainActor;
				SWIFT_EMIT_LOC_STRINGS = YES;
				SWIFT_UPCOMING_FEATURE_MEMBER_IMPORT_VISIBILITY = YES;
				SWIFT_VERSION = 5.0;
				TARGETED_DEVICE_FAMILY = "1,2";
			};
			name = Release;
		};
		4244981F2ED0F90500DD5D88 /* Debug */ = {
			isa = XCBuildConfiguration;
			buildSettings = {
				BUNDLE_LOADER = "$(TEST_HOST)";
				CODE_SIGN_STYLE = Automatic;
				CURRENT_PROJECT_VERSION = 1;
				GENERATE_INFOPLIST_FILE = YES;
				IPHONEOS_DEPLOYMENT_TARGET = 26.1;
				MARKETING_VERSION = 1.0;
				PRODUCT_BUNDLE_IDENTIFIER = com.rufinocudia.IterableSAMobileChallengeTests;
				PRODUCT_NAME = "$(TARGET_NAME)";
				STRING_CATALOG_GENERATE_SYMBOLS = NO;
				SWIFT_APPROACHABLE_CONCURRENCY = YES;
				SWIFT_EMIT_LOC_STRINGS = NO;
				SWIFT_UPCOMING_FEATURE_MEMBER_IMPORT_VISIBILITY = YES;
				SWIFT_VERSION = 5.0;
				TARGETED_DEVICE_FAMILY = "1,2";
				TEST_HOST = "$(BUILT_PRODUCTS_DIR)/IterableSAMobileChallenge.app/$(BUNDLE_EXECUTABLE_FOLDER_PATH)/IterableSAMobileChallenge";
			};
			name = Debug;
		};
		424498202ED0F90500DD5D88 /* Release */ = {
			isa = XCBuildConfiguration;
			buildSettings = {
				BUNDLE_LOADER = "$(TEST_HOST)";
				CODE_SIGN_STYLE = Automatic;
				CURRENT_PROJECT_VERSION = 1;
				GENERATE_INFOPLIST_FILE = YES;
				IPHONEOS_DEPLOYMENT_TARGET = 26.1;
				MARKETING_VERSION = 1.0;
				PRODUCT_BUNDLE_IDENTIFIER = com.rufinocudia.IterableSAMobileChallengeTests;
				PRODUCT_NAME = "$(TARGET_NAME)";
				STRING_CATALOG_GENERATE_SYMBOLS = NO;
				SWIFT_APPROACHABLE_CONCURRENCY = YES;
				SWIFT_EMIT_LOC_STRINGS = NO;
				SWIFT_UPCOMING_FEATURE_MEMBER_IMPORT_VISIBILITY = YES;
				SWIFT_VERSION = 5.0;
				TARGETED_DEVICE_FAMILY = "1,2";
				TEST_HOST = "$(BUILT_PRODUCTS_DIR)/IterableSAMobileChallenge.app/$(BUNDLE_EXECUTABLE_FOLDER_PATH)/IterableSAMobileChallenge";
			};
			name = Release;
		};
		424498222ED0F90500DD5D88 /* Debug */ = {
			isa = XCBuildConfiguration;
			buildSettings = {
				CODE_SIGN_STYLE = Automatic;
				CURRENT_PROJECT_VERSION = 1;
				GENERATE_INFOPLIST_FILE = YES;
				MARKETING_VERSION = 1.0;
				PRODUCT_BUNDLE_IDENTIFIER = com.rufinocudia.IterableSAMobileChallengeUITests;
				PRODUCT_NAME = "$(TARGET_NAME)";
				STRING_CATALOG_GENERATE_SYMBOLS = NO;
				SWIFT_APPROACHABLE_CONCURRENCY = YES;
				SWIFT_EMIT_LOC_STRINGS = NO;
				SWIFT_UPCOMING_FEATURE_MEMBER_IMPORT_VISIBILITY = YES;
				SWIFT_VERSION = 5.0;
				TARGETED_DEVICE_FAMILY = "1,2";
				TEST_TARGET_NAME = IterableSAMobileChallenge;
			};
			name = Debug;
		};
		424498232ED0F90500DD5D88 /* Release */ = {
			isa = XCBuildConfiguration;
			buildSettings = {
				CODE_SIGN_STYLE = Automatic;
				CURRENT_PROJECT_VERSION = 1;
				GENERATE_INFOPLIST_FILE = YES;
				MARKETING_VERSION = 1.0;
				PRODUCT_BUNDLE_IDENTIFIER = com.rufinocudia.IterableSAMobileChallengeUITests;
				PRODUCT_NAME = "$(TARGET_NAME)";
				STRING_CATALOG_GENERATE_SYMBOLS = NO;
				SWIFT_APPROACHABLE_CONCURRENCY = YES;
				SWIFT_EMIT_LOC_STRINGS = NO;
				SWIFT_UPCOMING_FEATURE_MEMBER_IMPORT_VISIBILITY = YES;
				SWIFT_VERSION = 5.0;
				TARGETED_DEVICE_FAMILY = "1,2";
				TEST_TARGET_NAME = IterableSAMobileChallenge;
			};
			name = Release;
		};
/* End XCBuildConfiguration section */

/* Begin XCConfigurationList section */
		424497F52ED0F90400DD5D88 /* Build configuration list for PBXProject "IterableSAMobileChallenge" */ = {
			isa = XCConfigurationList;
			buildConfigurations = (
				424498192ED0F90500DD5D88 /* Debug */,
				4244981A2ED0F90500DD5D88 /* Release */,
			);
			defaultConfigurationIsVisible = 0;
			defaultConfigurationName = Release;
		};
		4244981B2ED0F90500DD5D88 /* Build configuration list for PBXNativeTarget "IterableSAMobileChallenge" */ = {
			isa = XCConfigurationList;
			buildConfigurations = (
				4244981C2ED0F90500DD5D88 /* Debug */,
				4244981D2ED0F90500DD5D88 /* Release */,
			);
			defaultConfigurationIsVisible = 0;
			defaultConfigurationName = Release;
		};
		4244981E2ED0F90500DD5D88 /* Build configuration list for PBXNativeTarget "IterableSAMobileChallengeTests" */ = {
			isa = XCConfigurationList;
			buildConfigurations = (
				4244981F2ED0F90500DD5D88 /* Debug */,
				424498202ED0F90500DD5D88 /* Release */,
			);
			defaultConfigurationIsVisible = 0;
			defaultConfigurationName = Release;
		};
		424498212ED0F90500DD5D88 /* Build configuration list for PBXNativeTarget "IterableSAMobileChallengeUITests" */ = {
			isa = XCConfigurationList;
			buildConfigurations = (
				424498222ED0F90500DD5D88 /* Debug */,
				424498232ED0F90500DD5D88 /* Release */,
			);
			defaultConfigurationIsVisible = 0;
			defaultConfigurationName = Release;
		};
/* End XCConfigurationList section */

/* Begin XCRemoteSwiftPackageReference section */
		424498242ED0FA3E00DD5D88 /* XCRemoteSwiftPackageReference "swift-sdk" */ = {
			isa = XCRemoteSwiftPackageReference;
			repositoryURL = "https://github.com/Iterable/swift-sdk";
			requirement = {
				kind = upToNextMajorVersion;
				minimumVersion = 6.6.3;
			};
		};
/* End XCRemoteSwiftPackageReference section */

/* Begin XCSwiftPackageProductDependency section */
		424498252ED0FA3E00DD5D88 /* IterableSDK */ = {
			isa = XCSwiftPackageProductDependency;
			package = 424498242ED0FA3E00DD5D88 /* XCRemoteSwiftPackageReference "swift-sdk" */;
			productName = IterableSDK;
		};
/* End XCSwiftPackageProductDependency section */
	};
	rootObject = 424497F22ED0F90400DD5D88 /* Project object */;
}
